
Microsoft Visual Studio Solution File, Format Version 12.00
# Visual Studio 15
VisualStudioVersion = 15.0.27703.2000
MinimumVisualStudioVersion = 10.0.40219.1
Project("{FAE04EC0-301F-11D3-BF4B-00C04F79EFBC}") = "KrallSamantha_Milestone4", "KrallSamantha_Milestone4\KrallSamantha_Milestone4.csproj", "{509C5B3A-CFEC-49E9-B3C9-55E8C2B0DF7B}"
EndProject
Global
	GlobalSection(SolutionConfigurationPlatforms) = preSolution
		Debug|Any CPU = Debug|Any CPU
		Release|Any CPU = Release|Any CPU
	EndGlobalSection
	GlobalSection(ProjectConfigurationPlatforms) = postSolution
		{509C5B3A-CFEC-49E9-B3C9-55E8C2B0DF7B}.Debug|Any CPU.ActiveCfg = Debug|Any CPU
		{509C5B3A-CFEC-49E9-B3C9-55E8C2B0DF7B}.Debug|Any CPU.Build.0 = Debug|Any CPU
		{509C5B3A-CFEC-49E9-B3C9-55E8C2B0DF7B}.Release|Any CPU.ActiveCfg = Release|Any CPU
		{509C5B3A-CFEC-49E9-B3C9-55E8C2B0DF7B}.Release|Any CPU.Build.0 = Release|Any CPU
	EndGlobalSection
	GlobalSection(SolutionProperties) = preSolution
		HideSolutionNode = FALSE
	EndGlobalSection
	GlobalSection(ExtensibilityGlobals) = postSolution
		SolutionGuid = {340A31A9-939E-4C97-994C-97172A9FC9E7}
	EndGlobalSection
EndGlobal
