
Microsoft Visual Studio Solution File, Format Version 12.00
# Visual Studio 15
VisualStudioVersion = 15.0.27703.2000
MinimumVisualStudioVersion = 10.0.40219.1
Project("{FAE04EC0-301F-11D3-BF4B-00C04F79EFBC}") = "KrallSamantha_Exercise8", "KrallSamantha_Exercise8\KrallSamantha_Exercise8.csproj", "{CFA73DD8-BE18-4AC7-A9CE-CEC8AC906ABE}"
EndProject
Global
	GlobalSection(SolutionConfigurationPlatforms) = preSolution
		Debug|Any CPU = Debug|Any CPU
		Release|Any CPU = Release|Any CPU
	EndGlobalSection
	GlobalSection(ProjectConfigurationPlatforms) = postSolution
		{CFA73DD8-BE18-4AC7-A9CE-CEC8AC906ABE}.Debug|Any CPU.ActiveCfg = Debug|Any CPU
		{CFA73DD8-BE18-4AC7-A9CE-CEC8AC906ABE}.Debug|Any CPU.Build.0 = Debug|Any CPU
		{CFA73DD8-BE18-4AC7-A9CE-CEC8AC906ABE}.Release|Any CPU.ActiveCfg = Release|Any CPU
		{CFA73DD8-BE18-4AC7-A9CE-CEC8AC906ABE}.Release|Any CPU.Build.0 = Release|Any CPU
	EndGlobalSection
	GlobalSection(SolutionProperties) = preSolution
		HideSolutionNode = FALSE
	EndGlobalSection
	GlobalSection(ExtensibilityGlobals) = postSolution
		SolutionGuid = {54A1784D-8049-4E72-A6F4-07ACC86E0E51}
	EndGlobalSection
EndGlobal
