
Microsoft Visual Studio Solution File, Format Version 12.00
# Visual Studio 15
VisualStudioVersion = 15.0.27703.2000
MinimumVisualStudioVersion = 10.0.40219.1
Project("{FAE04EC0-301F-11D3-BF4B-00C04F79EFBC}") = "KrallSamantha_Exercise6", "KrallSamantha_Exercise6\KrallSamantha_Exercise6.csproj", "{CEA958A3-4317-465D-B9C5-AFACC2ADB177}"
EndProject
Global
	GlobalSection(SolutionConfigurationPlatforms) = preSolution
		Debug|Any CPU = Debug|Any CPU
		Release|Any CPU = Release|Any CPU
	EndGlobalSection
	GlobalSection(ProjectConfigurationPlatforms) = postSolution
		{CEA958A3-4317-465D-B9C5-AFACC2ADB177}.Debug|Any CPU.ActiveCfg = Debug|Any CPU
		{CEA958A3-4317-465D-B9C5-AFACC2ADB177}.Debug|Any CPU.Build.0 = Debug|Any CPU
		{CEA958A3-4317-465D-B9C5-AFACC2ADB177}.Release|Any CPU.ActiveCfg = Release|Any CPU
		{CEA958A3-4317-465D-B9C5-AFACC2ADB177}.Release|Any CPU.Build.0 = Release|Any CPU
	EndGlobalSection
	GlobalSection(SolutionProperties) = preSolution
		HideSolutionNode = FALSE
	EndGlobalSection
	GlobalSection(ExtensibilityGlobals) = postSolution
		SolutionGuid = {36264227-646D-4CFD-B57D-B6A29E9AC563}
	EndGlobalSection
EndGlobal
